// !$*UTF8*$!
{
	archiveVersion = 1;
	classes = {
	};
	objectVersion = 56;
	objects = {

/* Begin PBXBuildFile section */
		1B0A71D92BD80E880048DD27 /* CustomModifiers.swift in Sources */ = {isa = PBXBuildFile; fileRef = 1B0A71D82BD80E880048DD27 /* CustomModifiers.swift */; };
		1B1EA0272BD645BA00D202CE /* SwiftHabitsApp.swift in Sources */ = {isa = PBXBuildFile; fileRef = 1B1EA0262BD645BA00D202CE /* SwiftHabitsApp.swift */; };
		1B1EA0292BD645BA00D202CE /* RootView.swift in Sources */ = {isa = PBXBuildFile; fileRef = 1B1EA0282BD645BA00D202CE /* RootView.swift */; };
		1B1EA02B2BD645BA00D202CE /* Assets.xcassets in Resources */ = {isa = PBXBuildFile; fileRef = 1B1EA02A2BD645BA00D202CE /* Assets.xcassets */; };
		1B1EA02E2BD645BA00D202CE /* Preview Assets.xcassets in Resources */ = {isa = PBXBuildFile; fileRef = 1B1EA02D2BD645BA00D202CE /* Preview Assets.xcassets */; };
		1B1EA0382BD645BB00D202CE /* SwiftHabitsTests.swift in Sources */ = {isa = PBXBuildFile; fileRef = 1B1EA0372BD645BB00D202CE /* SwiftHabitsTests.swift */; };
		1B1EA0422BD645BB00D202CE /* SwiftHabitsUITests.swift in Sources */ = {isa = PBXBuildFile; fileRef = 1B1EA0412BD645BB00D202CE /* SwiftHabitsUITests.swift */; };
		1B1EA0442BD645BB00D202CE /* SwiftHabitsUITestsLaunchTests.swift in Sources */ = {isa = PBXBuildFile; fileRef = 1B1EA0432BD645BB00D202CE /* SwiftHabitsUITestsLaunchTests.swift */; };
		1B1EA05E2BD660A700D202CE /* Localizable.xcstrings in Resources */ = {isa = PBXBuildFile; fileRef = 1B1EA05D2BD660A700D202CE /* Localizable.xcstrings */; };
		1B1EA0622BD6697700D202CE /* HabitsView.swift in Sources */ = {isa = PBXBuildFile; fileRef = 1B1EA0612BD6697700D202CE /* HabitsView.swift */; };
		1B1EA0642BD66BDA00D202CE /* WeekdayPickerViewModel.swift in Sources */ = {isa = PBXBuildFile; fileRef = 1B1EA0632BD66BDA00D202CE /* WeekdayPickerViewModel.swift */; };
		1B1EA0662BD6796700D202CE /* DateManager.swift in Sources */ = {isa = PBXBuildFile; fileRef = 1B1EA0652BD6796700D202CE /* DateManager.swift */; };
		1B631D6A2BE2945B00CCC36C /* SummaryView.swift in Sources */ = {isa = PBXBuildFile; fileRef = 1B631D692BE2945B00CCC36C /* SummaryView.swift */; };
		1BD5F34E2BDA5EB700073538 /* FirebaseAnalytics in Frameworks */ = {isa = PBXBuildFile; productRef = 1BD5F34D2BDA5EB700073538 /* FirebaseAnalytics */; };
		1BD5F3502BDA5EB700073538 /* FirebaseAnalyticsSwift in Frameworks */ = {isa = PBXBuildFile; productRef = 1BD5F34F2BDA5EB700073538 /* FirebaseAnalyticsSwift */; };
		1BD5F3522BDA5EB700073538 /* FirebaseAuth in Frameworks */ = {isa = PBXBuildFile; productRef = 1BD5F3512BDA5EB700073538 /* FirebaseAuth */; };
		1BD5F3542BDA5EB700073538 /* FirebaseFirestore in Frameworks */ = {isa = PBXBuildFile; productRef = 1BD5F3532BDA5EB700073538 /* FirebaseFirestore */; };
		1BD5F3562BDA5EB700073538 /* FirebaseFirestoreSwift in Frameworks */ = {isa = PBXBuildFile; productRef = 1BD5F3552BDA5EB700073538 /* FirebaseFirestoreSwift */; };
		1BD5F3582BDA607C00073538 /* GoogleService-Info.plist in Resources */ = {isa = PBXBuildFile; fileRef = 1BD5F3572BDA607C00073538 /* GoogleService-Info.plist */; };
		1BE408B32BD774CF00AA212B /* NewHabitView.swift in Sources */ = {isa = PBXBuildFile; fileRef = 1BE408B22BD774CF00AA212B /* NewHabitView.swift */; };
		1BE408B52BD7A21A00AA212B /* Habit.swift in Sources */ = {isa = PBXBuildFile; fileRef = 1BE408B42BD7A21A00AA212B /* Habit.swift */; };
		1BE408B92BD7AA1100AA212B /* HabitViewModel.swift in Sources */ = {isa = PBXBuildFile; fileRef = 1BE408B82BD7AA1100AA212B /* HabitViewModel.swift */; };
		1BF65ADA2BE358F600869BBC /* CalendarViewModel.swift in Sources */ = {isa = PBXBuildFile; fileRef = 1BF65AD92BE358F600869BBC /* CalendarViewModel.swift */; };
		1BF65ADC2BE3AF2000869BBC /* UserViewModel.swift in Sources */ = {isa = PBXBuildFile; fileRef = 1BF65ADB2BE3AF2000869BBC /* UserViewModel.swift */; };
		1BFDA1CF2BE4ADCD00D6EB5F /* NotificationService.swift in Sources */ = {isa = PBXBuildFile; fileRef = 1BFDA1CE2BE4ADCD00D6EB5F /* NotificationService.swift */; };
		1BFE5A252BD9139A0046B116 /* AppDelegate.swift in Sources */ = {isa = PBXBuildFile; fileRef = 1BFE5A242BD9139A0046B116 /* AppDelegate.swift */; };
/* End PBXBuildFile section */

/* Begin PBXContainerItemProxy section */
		1B1EA0342BD645BB00D202CE /* PBXContainerItemProxy */ = {
			isa = PBXContainerItemProxy;
			containerPortal = 1B1EA01B2BD645B900D202CE /* Project object */;
			proxyType = 1;
			remoteGlobalIDString = 1B1EA0222BD645BA00D202CE;
			remoteInfo = SwiftHabits;
		};
		1B1EA03E2BD645BB00D202CE /* PBXContainerItemProxy */ = {
			isa = PBXContainerItemProxy;
			containerPortal = 1B1EA01B2BD645B900D202CE /* Project object */;
			proxyType = 1;
			remoteGlobalIDString = 1B1EA0222BD645BA00D202CE;
			remoteInfo = SwiftHabits;
		};
/* End PBXContainerItemProxy section */

/* Begin PBXFileReference section */
		1B0A71D82BD80E880048DD27 /* CustomModifiers.swift */ = {isa = PBXFileReference; lastKnownFileType = sourcecode.swift; path = CustomModifiers.swift; sourceTree = "<group>"; };
		1B1EA0232BD645BA00D202CE /* SwiftHabits.app */ = {isa = PBXFileReference; explicitFileType = wrapper.application; includeInIndex = 0; path = SwiftHabits.app; sourceTree = BUILT_PRODUCTS_DIR; };
		1B1EA0262BD645BA00D202CE /* SwiftHabitsApp.swift */ = {isa = PBXFileReference; lastKnownFileType = sourcecode.swift; path = SwiftHabitsApp.swift; sourceTree = "<group>"; };
		1B1EA0282BD645BA00D202CE /* RootView.swift */ = {isa = PBXFileReference; lastKnownFileType = sourcecode.swift; path = RootView.swift; sourceTree = "<group>"; };
		1B1EA02A2BD645BA00D202CE /* Assets.xcassets */ = {isa = PBXFileReference; lastKnownFileType = folder.assetcatalog; path = Assets.xcassets; sourceTree = "<group>"; };
		1B1EA02D2BD645BA00D202CE /* Preview Assets.xcassets */ = {isa = PBXFileReference; lastKnownFileType = folder.assetcatalog; path = "Preview Assets.xcassets"; sourceTree = "<group>"; };
		1B1EA0332BD645BB00D202CE /* SwiftHabitsTests.xctest */ = {isa = PBXFileReference; explicitFileType = wrapper.cfbundle; includeInIndex = 0; path = SwiftHabitsTests.xctest; sourceTree = BUILT_PRODUCTS_DIR; };
		1B1EA0372BD645BB00D202CE /* SwiftHabitsTests.swift */ = {isa = PBXFileReference; lastKnownFileType = sourcecode.swift; path = SwiftHabitsTests.swift; sourceTree = "<group>"; };
		1B1EA03D2BD645BB00D202CE /* SwiftHabitsUITests.xctest */ = {isa = PBXFileReference; explicitFileType = wrapper.cfbundle; includeInIndex = 0; path = SwiftHabitsUITests.xctest; sourceTree = BUILT_PRODUCTS_DIR; };
		1B1EA0412BD645BB00D202CE /* SwiftHabitsUITests.swift */ = {isa = PBXFileReference; lastKnownFileType = sourcecode.swift; path = SwiftHabitsUITests.swift; sourceTree = "<group>"; };
		1B1EA0432BD645BB00D202CE /* SwiftHabitsUITestsLaunchTests.swift */ = {isa = PBXFileReference; lastKnownFileType = sourcecode.swift; path = SwiftHabitsUITestsLaunchTests.swift; sourceTree = "<group>"; };
		1B1EA05D2BD660A700D202CE /* Localizable.xcstrings */ = {isa = PBXFileReference; lastKnownFileType = text.json.xcstrings; path = Localizable.xcstrings; sourceTree = "<group>"; };
		1B1EA0612BD6697700D202CE /* HabitsView.swift */ = {isa = PBXFileReference; lastKnownFileType = sourcecode.swift; path = HabitsView.swift; sourceTree = "<group>"; };
		1B1EA0632BD66BDA00D202CE /* WeekdayPickerViewModel.swift */ = {isa = PBXFileReference; lastKnownFileType = sourcecode.swift; path = WeekdayPickerViewModel.swift; sourceTree = "<group>"; };
		1B1EA0652BD6796700D202CE /* DateManager.swift */ = {isa = PBXFileReference; lastKnownFileType = sourcecode.swift; path = DateManager.swift; sourceTree = "<group>"; };
		1B631D692BE2945B00CCC36C /* SummaryView.swift */ = {isa = PBXFileReference; lastKnownFileType = sourcecode.swift; path = SummaryView.swift; sourceTree = "<group>"; };
		1BD5F3572BDA607C00073538 /* GoogleService-Info.plist */ = {isa = PBXFileReference; fileEncoding = 4; lastKnownFileType = text.plist.xml; path = "GoogleService-Info.plist"; sourceTree = "<group>"; };
		1BE408B22BD774CF00AA212B /* NewHabitView.swift */ = {isa = PBXFileReference; lastKnownFileType = sourcecode.swift; path = NewHabitView.swift; sourceTree = "<group>"; };
		1BE408B42BD7A21A00AA212B /* Habit.swift */ = {isa = PBXFileReference; lastKnownFileType = sourcecode.swift; path = Habit.swift; sourceTree = "<group>"; };
		1BE408B82BD7AA1100AA212B /* HabitViewModel.swift */ = {isa = PBXFileReference; lastKnownFileType = sourcecode.swift; path = HabitViewModel.swift; sourceTree = "<group>"; };
		1BF65AD92BE358F600869BBC /* CalendarViewModel.swift */ = {isa = PBXFileReference; lastKnownFileType = sourcecode.swift; path = CalendarViewModel.swift; sourceTree = "<group>"; };
		1BF65ADB2BE3AF2000869BBC /* UserViewModel.swift */ = {isa = PBXFileReference; lastKnownFileType = sourcecode.swift; path = UserViewModel.swift; sourceTree = "<group>"; };
		1BFDA1CE2BE4ADCD00D6EB5F /* NotificationService.swift */ = {isa = PBXFileReference; lastKnownFileType = sourcecode.swift; name = NotificationService.swift; path = SwiftHabits/Service/NotificationService.swift; sourceTree = SOURCE_ROOT; };
		1BFE5A242BD9139A0046B116 /* AppDelegate.swift */ = {isa = PBXFileReference; lastKnownFileType = sourcecode.swift; path = AppDelegate.swift; sourceTree = "<group>"; };
/* End PBXFileReference section */

/* Begin PBXFrameworksBuildPhase section */
		1B1EA0202BD645BA00D202CE /* Frameworks */ = {
			isa = PBXFrameworksBuildPhase;
			buildActionMask = 2147483647;
			files = (
				1BD5F3562BDA5EB700073538 /* FirebaseFirestoreSwift in Frameworks */,
				1BD5F3502BDA5EB700073538 /* FirebaseAnalyticsSwift in Frameworks */,
				1BD5F3542BDA5EB700073538 /* FirebaseFirestore in Frameworks */,
				1BD5F3522BDA5EB700073538 /* FirebaseAuth in Frameworks */,
				1BD5F34E2BDA5EB700073538 /* FirebaseAnalytics in Frameworks */,
			);
			runOnlyForDeploymentPostprocessing = 0;
		};
		1B1EA0302BD645BB00D202CE /* Frameworks */ = {
			isa = PBXFrameworksBuildPhase;
			buildActionMask = 2147483647;
			files = (
			);
			runOnlyForDeploymentPostprocessing = 0;
		};
		1B1EA03A2BD645BB00D202CE /* Frameworks */ = {
			isa = PBXFrameworksBuildPhase;
			buildActionMask = 2147483647;
			files = (
			);
			runOnlyForDeploymentPostprocessing = 0;
		};
/* End PBXFrameworksBuildPhase section */

/* Begin PBXGroup section */
		1B1EA01A2BD645B900D202CE = {
			isa = PBXGroup;
			children = (
				1B1EA0252BD645BA00D202CE /* SwiftHabits */,
				1B1EA0362BD645BB00D202CE /* SwiftHabitsTests */,
				1B1EA0402BD645BB00D202CE /* SwiftHabitsUITests */,
				1B1EA0242BD645BA00D202CE /* Products */,
			);
			sourceTree = "<group>";
		};
		1B1EA0242BD645BA00D202CE /* Products */ = {
			isa = PBXGroup;
			children = (
				1B1EA0232BD645BA00D202CE /* SwiftHabits.app */,
				1B1EA0332BD645BB00D202CE /* SwiftHabitsTests.xctest */,
				1B1EA03D2BD645BB00D202CE /* SwiftHabitsUITests.xctest */,
			);
			name = Products;
			sourceTree = "<group>";
		};
		1B1EA0252BD645BA00D202CE /* SwiftHabits */ = {
			isa = PBXGroup;
			children = (
				1BD5F3572BDA607C00073538 /* GoogleService-Info.plist */,
				1B1EA0262BD645BA00D202CE /* SwiftHabitsApp.swift */,
				1BFE5A242BD9139A0046B116 /* AppDelegate.swift */,
				1B1EA0502BD645D800D202CE /* Views */,
				1B1EA0512BD645EB00D202CE /* ViewModels */,
				1B1EA0522BD645F200D202CE /* Models */,
				1B1EA0532BD645F900D202CE /* Utilities */,
				1BFDA1D02BE4AF8C00D6EB5F /* Service */,
				1B1EA0552BD6460700D202CE /* Supporting Files */,
				1B1EA02A2BD645BA00D202CE /* Assets.xcassets */,
				1B1EA02C2BD645BA00D202CE /* Preview Content */,
			);
			path = SwiftHabits;
			sourceTree = "<group>";
		};
		1B1EA02C2BD645BA00D202CE /* Preview Content */ = {
			isa = PBXGroup;
			children = (
				1B1EA02D2BD645BA00D202CE /* Preview Assets.xcassets */,
			);
			path = "Preview Content";
			sourceTree = "<group>";
		};
		1B1EA0362BD645BB00D202CE /* SwiftHabitsTests */ = {
			isa = PBXGroup;
			children = (
				1B1EA0372BD645BB00D202CE /* SwiftHabitsTests.swift */,
			);
			path = SwiftHabitsTests;
			sourceTree = "<group>";
		};
		1B1EA0402BD645BB00D202CE /* SwiftHabitsUITests */ = {
			isa = PBXGroup;
			children = (
				1B1EA0412BD645BB00D202CE /* SwiftHabitsUITests.swift */,
				1B1EA0432BD645BB00D202CE /* SwiftHabitsUITestsLaunchTests.swift */,
			);
			path = SwiftHabitsUITests;
			sourceTree = "<group>";
		};
		1B1EA0502BD645D800D202CE /* Views */ = {
			isa = PBXGroup;
			children = (
				1B1EA0282BD645BA00D202CE /* RootView.swift */,
				1B1EA0612BD6697700D202CE /* HabitsView.swift */,
				1BE408B22BD774CF00AA212B /* NewHabitView.swift */,
				1B0A71D82BD80E880048DD27 /* CustomModifiers.swift */,
				1B631D692BE2945B00CCC36C /* SummaryView.swift */,
			);
			path = Views;
			sourceTree = "<group>";
		};
		1B1EA0512BD645EB00D202CE /* ViewModels */ = {
			isa = PBXGroup;
			children = (
				1B1EA0632BD66BDA00D202CE /* WeekdayPickerViewModel.swift */,
				1BE408B82BD7AA1100AA212B /* HabitViewModel.swift */,
				1BF65AD92BE358F600869BBC /* CalendarViewModel.swift */,
				1BF65ADB2BE3AF2000869BBC /* UserViewModel.swift */,
			);
			path = ViewModels;
			sourceTree = "<group>";
		};
		1B1EA0522BD645F200D202CE /* Models */ = {
			isa = PBXGroup;
			children = (
				1B1EA0652BD6796700D202CE /* DateManager.swift */,
				1BE408B42BD7A21A00AA212B /* Habit.swift */,
			);
			path = Models;
			sourceTree = "<group>";
		};
		1B1EA0532BD645F900D202CE /* Utilities */ = {
			isa = PBXGroup;
			children = (
			);
			path = Utilities;
			sourceTree = "<group>";
		};
		1B1EA0552BD6460700D202CE /* Supporting Files */ = {
			isa = PBXGroup;
			children = (
				1B1EA05D2BD660A700D202CE /* Localizable.xcstrings */,
			);
			path = "Supporting Files";
			sourceTree = "<group>";
		};
		1BFDA1D02BE4AF8C00D6EB5F /* Service */ = {
			isa = PBXGroup;
			children = (
				1BFDA1CE2BE4ADCD00D6EB5F /* NotificationService.swift */,
			);
			path = Service;
			sourceTree = "<group>";
		};
/* End PBXGroup section */

/* Begin PBXNativeTarget section */
		1B1EA0222BD645BA00D202CE /* SwiftHabits */ = {
			isa = PBXNativeTarget;
			buildConfigurationList = 1B1EA0472BD645BB00D202CE /* Build configuration list for PBXNativeTarget "SwiftHabits" */;
			buildPhases = (
				1B1EA01F2BD645BA00D202CE /* Sources */,
				1B1EA0202BD645BA00D202CE /* Frameworks */,
				1B1EA0212BD645BA00D202CE /* Resources */,
			);
			buildRules = (
			);
			dependencies = (
			);
			name = SwiftHabits;
			packageProductDependencies = (
				1BD5F34D2BDA5EB700073538 /* FirebaseAnalytics */,
				1BD5F34F2BDA5EB700073538 /* FirebaseAnalyticsSwift */,
				1BD5F3512BDA5EB700073538 /* FirebaseAuth */,
				1BD5F3532BDA5EB700073538 /* FirebaseFirestore */,
				1BD5F3552BDA5EB700073538 /* FirebaseFirestoreSwift */,
			);
			productName = SwiftHabits;
			productReference = 1B1EA0232BD645BA00D202CE /* SwiftHabits.app */;
			productType = "com.apple.product-type.application";
		};
		1B1EA0322BD645BB00D202CE /* SwiftHabitsTests */ = {
			isa = PBXNativeTarget;
			buildConfigurationList = 1B1EA04A2BD645BB00D202CE /* Build configuration list for PBXNativeTarget "SwiftHabitsTests" */;
			buildPhases = (
				1B1EA02F2BD645BB00D202CE /* Sources */,
				1B1EA0302BD645BB00D202CE /* Frameworks */,
				1B1EA0312BD645BB00D202CE /* Resources */,
			);
			buildRules = (
			);
			dependencies = (
				1B1EA0352BD645BB00D202CE /* PBXTargetDependency */,
			);
			name = SwiftHabitsTests;
			productName = SwiftHabitsTests;
			productReference = 1B1EA0332BD645BB00D202CE /* SwiftHabitsTests.xctest */;
			productType = "com.apple.product-type.bundle.unit-test";
		};
		1B1EA03C2BD645BB00D202CE /* SwiftHabitsUITests */ = {
			isa = PBXNativeTarget;
			buildConfigurationList = 1B1EA04D2BD645BB00D202CE /* Build configuration list for PBXNativeTarget "SwiftHabitsUITests" */;
			buildPhases = (
				1B1EA0392BD645BB00D202CE /* Sources */,
				1B1EA03A2BD645BB00D202CE /* Frameworks */,
				1B1EA03B2BD645BB00D202CE /* Resources */,
			);
			buildRules = (
			);
			dependencies = (
				1B1EA03F2BD645BB00D202CE /* PBXTargetDependency */,
			);
			name = SwiftHabitsUITests;
			productName = SwiftHabitsUITests;
			productReference = 1B1EA03D2BD645BB00D202CE /* SwiftHabitsUITests.xctest */;
			productType = "com.apple.product-type.bundle.ui-testing";
		};
/* End PBXNativeTarget section */

/* Begin PBXProject section */
		1B1EA01B2BD645B900D202CE /* Project object */ = {
			isa = PBXProject;
			attributes = {
				BuildIndependentTargetsInParallel = 1;
				LastSwiftUpdateCheck = 1500;
				LastUpgradeCheck = 1500;
				TargetAttributes = {
					1B1EA0222BD645BA00D202CE = {
						CreatedOnToolsVersion = 15.0;
					};
					1B1EA0322BD645BB00D202CE = {
						CreatedOnToolsVersion = 15.0;
						TestTargetID = 1B1EA0222BD645BA00D202CE;
					};
					1B1EA03C2BD645BB00D202CE = {
						CreatedOnToolsVersion = 15.0;
						TestTargetID = 1B1EA0222BD645BA00D202CE;
					};
				};
			};
			buildConfigurationList = 1B1EA01E2BD645B900D202CE /* Build configuration list for PBXProject "SwiftHabits" */;
			compatibilityVersion = "Xcode 14.0";
			developmentRegion = en;
			hasScannedForEncodings = 0;
			knownRegions = (
				en,
				Base,
				sv,
			);
			mainGroup = 1B1EA01A2BD645B900D202CE;
			packageReferences = (
				1BD5F34C2BDA5EB700073538 /* XCRemoteSwiftPackageReference "firebase-ios-sdk" */,
			);
			productRefGroup = 1B1EA0242BD645BA00D202CE /* Products */;
			projectDirPath = "";
			projectRoot = "";
			targets = (
				1B1EA0222BD645BA00D202CE /* SwiftHabits */,
				1B1EA0322BD645BB00D202CE /* SwiftHabitsTests */,
				1B1EA03C2BD645BB00D202CE /* SwiftHabitsUITests */,
			);
		};
/* End PBXProject section */

/* Begin PBXResourcesBuildPhase section */
		1B1EA0212BD645BA00D202CE /* Resources */ = {
			isa = PBXResourcesBuildPhase;
			buildActionMask = 2147483647;
			files = (
				1B1EA02E2BD645BA00D202CE /* Preview Assets.xcassets in Resources */,
				1BD5F3582BDA607C00073538 /* GoogleService-Info.plist in Resources */,
				1B1EA02B2BD645BA00D202CE /* Assets.xcassets in Resources */,
				1B1EA05E2BD660A700D202CE /* Localizable.xcstrings in Resources */,
			);
			runOnlyForDeploymentPostprocessing = 0;
		};
		1B1EA0312BD645BB00D202CE /* Resources */ = {
			isa = PBXResourcesBuildPhase;
			buildActionMask = 2147483647;
			files = (
			);
			runOnlyForDeploymentPostprocessing = 0;
		};
		1B1EA03B2BD645BB00D202CE /* Resources */ = {
			isa = PBXResourcesBuildPhase;
			buildActionMask = 2147483647;
			files = (
			);
			runOnlyForDeploymentPostprocessing = 0;
		};
/* End PBXResourcesBuildPhase section */

/* Begin PBXSourcesBuildPhase section */
		1B1EA01F2BD645BA00D202CE /* Sources */ = {
			isa = PBXSourcesBuildPhase;
			buildActionMask = 2147483647;
			files = (
				1BF65ADA2BE358F600869BBC /* CalendarViewModel.swift in Sources */,
				1BE408B32BD774CF00AA212B /* NewHabitView.swift in Sources */,
				1BFDA1CF2BE4ADCD00D6EB5F /* NotificationService.swift in Sources */,
				1B1EA0292BD645BA00D202CE /* RootView.swift in Sources */,
				1B1EA0662BD6796700D202CE /* DateManager.swift in Sources */,
				1B1EA0622BD6697700D202CE /* HabitsView.swift in Sources */,
				1B1EA0272BD645BA00D202CE /* SwiftHabitsApp.swift in Sources */,
				1BE408B92BD7AA1100AA212B /* HabitViewModel.swift in Sources */,
				1B0A71D92BD80E880048DD27 /* CustomModifiers.swift in Sources */,
				1B1EA0642BD66BDA00D202CE /* WeekdayPickerViewModel.swift in Sources */,
				1BF65ADC2BE3AF2000869BBC /* UserViewModel.swift in Sources */,
				1BFE5A252BD9139A0046B116 /* AppDelegate.swift in Sources */,
				1BE408B52BD7A21A00AA212B /* Habit.swift in Sources */,
				1B631D6A2BE2945B00CCC36C /* SummaryView.swift in Sources */,
			);
			runOnlyForDeploymentPostprocessing = 0;
		};
		1B1EA02F2BD645BB00D202CE /* Sources */ = {
			isa = PBXSourcesBuildPhase;
			buildActionMask = 2147483647;
			files = (
				1B1EA0382BD645BB00D202CE /* SwiftHabitsTests.swift in Sources */,
			);
			runOnlyForDeploymentPostprocessing = 0;
		};
		1B1EA0392BD645BB00D202CE /* Sources */ = {
			isa = PBXSourcesBuildPhase;
			buildActionMask = 2147483647;
			files = (
				1B1EA0422BD645BB00D202CE /* SwiftHabitsUITests.swift in Sources */,
				1B1EA0442BD645BB00D202CE /* SwiftHabitsUITestsLaunchTests.swift in Sources */,
			);
			runOnlyForDeploymentPostprocessing = 0;
		};
/* End PBXSourcesBuildPhase section */

/* Begin PBXTargetDependency section */
		1B1EA0352BD645BB00D202CE /* PBXTargetDependency */ = {
			isa = PBXTargetDependency;
			target = 1B1EA0222BD645BA00D202CE /* SwiftHabits */;
			targetProxy = 1B1EA0342BD645BB00D202CE /* PBXContainerItemProxy */;
		};
		1B1EA03F2BD645BB00D202CE /* PBXTargetDependency */ = {
			isa = PBXTargetDependency;
			target = 1B1EA0222BD645BA00D202CE /* SwiftHabits */;
			targetProxy = 1B1EA03E2BD645BB00D202CE /* PBXContainerItemProxy */;
		};
/* End PBXTargetDependency section */

/* Begin XCBuildConfiguration section */
		1B1EA0452BD645BB00D202CE /* Debug */ = {
			isa = XCBuildConfiguration;
			buildSettings = {
				ALWAYS_SEARCH_USER_PATHS = NO;
				ASSETCATALOG_COMPILER_GENERATE_SWIFT_ASSET_SYMBOL_EXTENSIONS = YES;
				CLANG_ANALYZER_LOCALIZABILITY_NONLOCALIZED = YES;
				CLANG_ANALYZER_NONNULL = YES;
				CLANG_ANALYZER_NUMBER_OBJECT_CONVERSION = YES_AGGRESSIVE;
				CLANG_CXX_LANGUAGE_STANDARD = "gnu++20";
				CLANG_ENABLE_MODULES = YES;
				CLANG_ENABLE_OBJC_ARC = YES;
				CLANG_ENABLE_OBJC_WEAK = YES;
				CLANG_WARN_BLOCK_CAPTURE_AUTORELEASING = YES;
				CLANG_WARN_BOOL_CONVERSION = YES;
				CLANG_WARN_COMMA = YES;
				CLANG_WARN_CONSTANT_CONVERSION = YES;
				CLANG_WARN_DEPRECATED_OBJC_IMPLEMENTATIONS = YES;
				CLANG_WARN_DIRECT_OBJC_ISA_USAGE = YES_ERROR;
				CLANG_WARN_DOCUMENTATION_COMMENTS = YES;
				CLANG_WARN_EMPTY_BODY = YES;
				CLANG_WARN_ENUM_CONVERSION = YES;
				CLANG_WARN_INFINITE_RECURSION = YES;
				CLANG_WARN_INT_CONVERSION = YES;
				CLANG_WARN_NON_LITERAL_NULL_CONVERSION = YES;
				CLANG_WARN_OBJC_IMPLICIT_RETAIN_SELF = YES;
				CLANG_WARN_OBJC_LITERAL_CONVERSION = YES;
				CLANG_WARN_OBJC_ROOT_CLASS = YES_ERROR;
				CLANG_WARN_QUOTED_INCLUDE_IN_FRAMEWORK_HEADER = YES;
				CLANG_WARN_RANGE_LOOP_ANALYSIS = YES;
				CLANG_WARN_STRICT_PROTOTYPES = YES;
				CLANG_WARN_SUSPICIOUS_MOVE = YES;
				CLANG_WARN_UNGUARDED_AVAILABILITY = YES_AGGRESSIVE;
				CLANG_WARN_UNREACHABLE_CODE = YES;
				CLANG_WARN__DUPLICATE_METHOD_MATCH = YES;
				COPY_PHASE_STRIP = NO;
				DEBUG_INFORMATION_FORMAT = dwarf;
				ENABLE_STRICT_OBJC_MSGSEND = YES;
				ENABLE_TESTABILITY = YES;
				ENABLE_USER_SCRIPT_SANDBOXING = YES;
				GCC_C_LANGUAGE_STANDARD = gnu17;
				GCC_DYNAMIC_NO_PIC = NO;
				GCC_NO_COMMON_BLOCKS = YES;
				GCC_OPTIMIZATION_LEVEL = 0;
				GCC_PREPROCESSOR_DEFINITIONS = (
					"DEBUG=1",
					"$(inherited)",
				);
				GCC_WARN_64_TO_32_BIT_CONVERSION = YES;
				GCC_WARN_ABOUT_RETURN_TYPE = YES_ERROR;
				GCC_WARN_UNDECLARED_SELECTOR = YES;
				GCC_WARN_UNINITIALIZED_AUTOS = YES_AGGRESSIVE;
				GCC_WARN_UNUSED_FUNCTION = YES;
				GCC_WARN_UNUSED_VARIABLE = YES;
				IPHONEOS_DEPLOYMENT_TARGET = 17.0;
				LOCALIZATION_PREFERS_STRING_CATALOGS = YES;
				MTL_ENABLE_DEBUG_INFO = INCLUDE_SOURCE;
				MTL_FAST_MATH = YES;
				ONLY_ACTIVE_ARCH = YES;
				SDKROOT = iphoneos;
				SWIFT_ACTIVE_COMPILATION_CONDITIONS = "DEBUG $(inherited)";
				SWIFT_OPTIMIZATION_LEVEL = "-Onone";
			};
			name = Debug;
		};
		1B1EA0462BD645BB00D202CE /* Release */ = {
			isa = XCBuildConfiguration;
			buildSettings = {
				ALWAYS_SEARCH_USER_PATHS = NO;
				ASSETCATALOG_COMPILER_GENERATE_SWIFT_ASSET_SYMBOL_EXTENSIONS = YES;
				CLANG_ANALYZER_LOCALIZABILITY_NONLOCALIZED = YES;
				CLANG_ANALYZER_NONNULL = YES;
				CLANG_ANALYZER_NUMBER_OBJECT_CONVERSION = YES_AGGRESSIVE;
				CLANG_CXX_LANGUAGE_STANDARD = "gnu++20";
				CLANG_ENABLE_MODULES = YES;
				CLANG_ENABLE_OBJC_ARC = YES;
				CLANG_ENABLE_OBJC_WEAK = YES;
				CLANG_WARN_BLOCK_CAPTURE_AUTORELEASING = YES;
				CLANG_WARN_BOOL_CONVERSION = YES;
				CLANG_WARN_COMMA = YES;
				CLANG_WARN_CONSTANT_CONVERSION = YES;
				CLANG_WARN_DEPRECATED_OBJC_IMPLEMENTATIONS = YES;
				CLANG_WARN_DIRECT_OBJC_ISA_USAGE = YES_ERROR;
				CLANG_WARN_DOCUMENTATION_COMMENTS = YES;
				CLANG_WARN_EMPTY_BODY = YES;
				CLANG_WARN_ENUM_CONVERSION = YES;
				CLANG_WARN_INFINITE_RECURSION = YES;
				CLANG_WARN_INT_CONVERSION = YES;
				CLANG_WARN_NON_LITERAL_NULL_CONVERSION = YES;
				CLANG_WARN_OBJC_IMPLICIT_RETAIN_SELF = YES;
				CLANG_WARN_OBJC_LITERAL_CONVERSION = YES;
				CLANG_WARN_OBJC_ROOT_CLASS = YES_ERROR;
				CLANG_WARN_QUOTED_INCLUDE_IN_FRAMEWORK_HEADER = YES;
				CLANG_WARN_RANGE_LOOP_ANALYSIS = YES;
				CLANG_WARN_STRICT_PROTOTYPES = YES;
				CLANG_WARN_SUSPICIOUS_MOVE = YES;
				CLANG_WARN_UNGUARDED_AVAILABILITY = YES_AGGRESSIVE;
				CLANG_WARN_UNREACHABLE_CODE = YES;
				CLANG_WARN__DUPLICATE_METHOD_MATCH = YES;
				COPY_PHASE_STRIP = NO;
				DEBUG_INFORMATION_FORMAT = "dwarf-with-dsym";
				ENABLE_NS_ASSERTIONS = NO;
				ENABLE_STRICT_OBJC_MSGSEND = YES;
				ENABLE_USER_SCRIPT_SANDBOXING = YES;
				GCC_C_LANGUAGE_STANDARD = gnu17;
				GCC_NO_COMMON_BLOCKS = YES;
				GCC_WARN_64_TO_32_BIT_CONVERSION = YES;
				GCC_WARN_ABOUT_RETURN_TYPE = YES_ERROR;
				GCC_WARN_UNDECLARED_SELECTOR = YES;
				GCC_WARN_UNINITIALIZED_AUTOS = YES_AGGRESSIVE;
				GCC_WARN_UNUSED_FUNCTION = YES;
				GCC_WARN_UNUSED_VARIABLE = YES;
				IPHONEOS_DEPLOYMENT_TARGET = 17.0;
				LOCALIZATION_PREFERS_STRING_CATALOGS = YES;
				MTL_ENABLE_DEBUG_INFO = NO;
				MTL_FAST_MATH = YES;
				SDKROOT = iphoneos;
				SWIFT_COMPILATION_MODE = wholemodule;
				VALIDATE_PRODUCT = YES;
			};
			name = Release;
		};
		1B1EA0482BD645BB00D202CE /* Debug */ = {
			isa = XCBuildConfiguration;
			buildSettings = {
				ASSETCATALOG_COMPILER_APPICON_NAME = AppIcon;
				ASSETCATALOG_COMPILER_GLOBAL_ACCENT_COLOR_NAME = AccentColor;
				CODE_SIGN_STYLE = Automatic;
				CURRENT_PROJECT_VERSION = 1;
				DEVELOPMENT_ASSET_PATHS = "\"SwiftHabits/Preview Content\"";
				DEVELOPMENT_TEAM = DCKX448926;
				ENABLE_PREVIEWS = YES;
				GENERATE_INFOPLIST_FILE = YES;
				INFOPLIST_KEY_UIApplicationSceneManifest_Generation = YES;
				INFOPLIST_KEY_UIApplicationSupportsIndirectInputEvents = YES;
				INFOPLIST_KEY_UILaunchScreen_Generation = YES;
				INFOPLIST_KEY_UISupportedInterfaceOrientations_iPad = "UIInterfaceOrientationPortrait UIInterfaceOrientationPortraitUpsideDown UIInterfaceOrientationLandscapeLeft UIInterfaceOrientationLandscapeRight";
				INFOPLIST_KEY_UISupportedInterfaceOrientations_iPhone = "UIInterfaceOrientationPortrait UIInterfaceOrientationLandscapeLeft UIInterfaceOrientationLandscapeRight";
				LD_RUNPATH_SEARCH_PATHS = (
					"$(inherited)",
					"@executable_path/Frameworks",
				);
				MARKETING_VERSION = 1.0;
				PRODUCT_BUNDLE_IDENTIFIER = com.brattcode.SwiftHabits;
				PRODUCT_NAME = "$(TARGET_NAME)";
				SWIFT_EMIT_LOC_STRINGS = YES;
				SWIFT_VERSION = 5.0;
				TARGETED_DEVICE_FAMILY = "1,2";
			};
			name = Debug;
		};
		1B1EA0492BD645BB00D202CE /* Release */ = {
			isa = XCBuildConfiguration;
			buildSettings = {
				ASSETCATALOG_COMPILER_APPICON_NAME = AppIcon;
				ASSETCATALOG_COMPILER_GLOBAL_ACCENT_COLOR_NAME = AccentColor;
				CODE_SIGN_STYLE = Automatic;
				CURRENT_PROJECT_VERSION = 1;
				DEVELOPMENT_ASSET_PATHS = "\"SwiftHabits/Preview Content\"";
				DEVELOPMENT_TEAM = DCKX448926;
				ENABLE_PREVIEWS = YES;
				GENERATE_INFOPLIST_FILE = YES;
				INFOPLIST_KEY_UIApplicationSceneManifest_Generation = YES;
				INFOPLIST_KEY_UIApplicationSupportsIndirectInputEvents = YES;
				INFOPLIST_KEY_UILaunchScreen_Generation = YES;
				INFOPLIST_KEY_UISupportedInterfaceOrientations_iPad = "UIInterfaceOrientationPortrait UIInterfaceOrientationPortraitUpsideDown UIInterfaceOrientationLandscapeLeft UIInterfaceOrientationLandscapeRight";
				INFOPLIST_KEY_UISupportedInterfaceOrientations_iPhone = "UIInterfaceOrientationPortrait UIInterfaceOrientationLandscapeLeft UIInterfaceOrientationLandscapeRight";
				LD_RUNPATH_SEARCH_PATHS = (
					"$(inherited)",
					"@executable_path/Frameworks",
				);
				MARKETING_VERSION = 1.0;
				PRODUCT_BUNDLE_IDENTIFIER = com.brattcode.SwiftHabits;
				PRODUCT_NAME = "$(TARGET_NAME)";
				SWIFT_EMIT_LOC_STRINGS = YES;
				SWIFT_VERSION = 5.0;
				TARGETED_DEVICE_FAMILY = "1,2";
			};
			name = Release;
		};
		1B1EA04B2BD645BB00D202CE /* Debug */ = {
			isa = XCBuildConfiguration;
			buildSettings = {
				ALWAYS_EMBED_SWIFT_STANDARD_LIBRARIES = YES;
				BUNDLE_LOADER = "$(TEST_HOST)";
				CODE_SIGN_STYLE = Automatic;
				CURRENT_PROJECT_VERSION = 1;
				DEVELOPMENT_TEAM = DCKX448926;
				GENERATE_INFOPLIST_FILE = YES;
				IPHONEOS_DEPLOYMENT_TARGET = 17.0;
				MARKETING_VERSION = 1.0;
				PRODUCT_BUNDLE_IDENTIFIER = com.brattcode.SwiftHabitsTests;
				PRODUCT_NAME = "$(TARGET_NAME)";
				SWIFT_EMIT_LOC_STRINGS = NO;
				SWIFT_VERSION = 5.0;
				TARGETED_DEVICE_FAMILY = "1,2";
				TEST_HOST = "$(BUILT_PRODUCTS_DIR)/SwiftHabits.app/$(BUNDLE_EXECUTABLE_FOLDER_PATH)/SwiftHabits";
			};
			name = Debug;
		};
		1B1EA04C2BD645BB00D202CE /* Release */ = {
			isa = XCBuildConfiguration;
			buildSettings = {
				ALWAYS_EMBED_SWIFT_STANDARD_LIBRARIES = YES;
				BUNDLE_LOADER = "$(TEST_HOST)";
				CODE_SIGN_STYLE = Automatic;
				CURRENT_PROJECT_VERSION = 1;
				DEVELOPMENT_TEAM = DCKX448926;
				GENERATE_INFOPLIST_FILE = YES;
				IPHONEOS_DEPLOYMENT_TARGET = 17.0;
				MARKETING_VERSION = 1.0;
				PRODUCT_BUNDLE_IDENTIFIER = com.brattcode.SwiftHabitsTests;
				PRODUCT_NAME = "$(TARGET_NAME)";
				SWIFT_EMIT_LOC_STRINGS = NO;
				SWIFT_VERSION = 5.0;
				TARGETED_DEVICE_FAMILY = "1,2";
				TEST_HOST = "$(BUILT_PRODUCTS_DIR)/SwiftHabits.app/$(BUNDLE_EXECUTABLE_FOLDER_PATH)/SwiftHabits";
			};
			name = Release;
		};
		1B1EA04E2BD645BB00D202CE /* Debug */ = {
			isa = XCBuildConfiguration;
			buildSettings = {
				ALWAYS_EMBED_SWIFT_STANDARD_LIBRARIES = YES;
				CODE_SIGN_STYLE = Automatic;
				CURRENT_PROJECT_VERSION = 1;
				DEVELOPMENT_TEAM = DCKX448926;
				GENERATE_INFOPLIST_FILE = YES;
				MARKETING_VERSION = 1.0;
				PRODUCT_BUNDLE_IDENTIFIER = com.brattcode.SwiftHabitsUITests;
				PRODUCT_NAME = "$(TARGET_NAME)";
				SWIFT_EMIT_LOC_STRINGS = NO;
				SWIFT_VERSION = 5.0;
				TARGETED_DEVICE_FAMILY = "1,2";
				TEST_TARGET_NAME = SwiftHabits;
			};
			name = Debug;
		};
		1B1EA04F2BD645BB00D202CE /* Release */ = {
			isa = XCBuildConfiguration;
			buildSettings = {
				ALWAYS_EMBED_SWIFT_STANDARD_LIBRARIES = YES;
				CODE_SIGN_STYLE = Automatic;
				CURRENT_PROJECT_VERSION = 1;
				DEVELOPMENT_TEAM = DCKX448926;
				GENERATE_INFOPLIST_FILE = YES;
				MARKETING_VERSION = 1.0;
				PRODUCT_BUNDLE_IDENTIFIER = com.brattcode.SwiftHabitsUITests;
				PRODUCT_NAME = "$(TARGET_NAME)";
				SWIFT_EMIT_LOC_STRINGS = NO;
				SWIFT_VERSION = 5.0;
				TARGETED_DEVICE_FAMILY = "1,2";
				TEST_TARGET_NAME = SwiftHabits;
			};
			name = Release;
		};
/* End XCBuildConfiguration section */

/* Begin XCConfigurationList section */
		1B1EA01E2BD645B900D202CE /* Build configuration list for PBXProject "SwiftHabits" */ = {
			isa = XCConfigurationList;
			buildConfigurations = (
				1B1EA0452BD645BB00D202CE /* Debug */,
				1B1EA0462BD645BB00D202CE /* Release */,
			);
			defaultConfigurationIsVisible = 0;
			defaultConfigurationName = Release;
		};
		1B1EA0472BD645BB00D202CE /* Build configuration list for PBXNativeTarget "SwiftHabits" */ = {
			isa = XCConfigurationList;
			buildConfigurations = (
				1B1EA0482BD645BB00D202CE /* Debug */,
				1B1EA0492BD645BB00D202CE /* Release */,
			);
			defaultConfigurationIsVisible = 0;
			defaultConfigurationName = Release;
		};
		1B1EA04A2BD645BB00D202CE /* Build configuration list for PBXNativeTarget "SwiftHabitsTests" */ = {
			isa = XCConfigurationList;
			buildConfigurations = (
				1B1EA04B2BD645BB00D202CE /* Debug */,
				1B1EA04C2BD645BB00D202CE /* Release */,
			);
			defaultConfigurationIsVisible = 0;
			defaultConfigurationName = Release;
		};
		1B1EA04D2BD645BB00D202CE /* Build configuration list for PBXNativeTarget "SwiftHabitsUITests" */ = {
			isa = XCConfigurationList;
			buildConfigurations = (
				1B1EA04E2BD645BB00D202CE /* Debug */,
				1B1EA04F2BD645BB00D202CE /* Release */,
			);
			defaultConfigurationIsVisible = 0;
			defaultConfigurationName = Release;
		};
/* End XCConfigurationList section */

/* Begin XCRemoteSwiftPackageReference section */
		1BD5F34C2BDA5EB700073538 /* XCRemoteSwiftPackageReference "firebase-ios-sdk" */ = {
			isa = XCRemoteSwiftPackageReference;
			repositoryURL = "https://github.com/firebase/firebase-ios-sdk.git";
			requirement = {
				kind = upToNextMajorVersion;
				minimumVersion = 10.24.0;
			};
		};
/* End XCRemoteSwiftPackageReference section */

/* Begin XCSwiftPackageProductDependency section */
		1BD5F34D2BDA5EB700073538 /* FirebaseAnalytics */ = {
			isa = XCSwiftPackageProductDependency;
			package = 1BD5F34C2BDA5EB700073538 /* XCRemoteSwiftPackageReference "firebase-ios-sdk" */;
			productName = FirebaseAnalytics;
		};
		1BD5F34F2BDA5EB700073538 /* FirebaseAnalyticsSwift */ = {
			isa = XCSwiftPackageProductDependency;
			package = 1BD5F34C2BDA5EB700073538 /* XCRemoteSwiftPackageReference "firebase-ios-sdk" */;
			productName = FirebaseAnalyticsSwift;
		};
		1BD5F3512BDA5EB700073538 /* FirebaseAuth */ = {
			isa = XCSwiftPackageProductDependency;
			package = 1BD5F34C2BDA5EB700073538 /* XCRemoteSwiftPackageReference "firebase-ios-sdk" */;
			productName = FirebaseAuth;
		};
		1BD5F3532BDA5EB700073538 /* FirebaseFirestore */ = {
			isa = XCSwiftPackageProductDependency;
			package = 1BD5F34C2BDA5EB700073538 /* XCRemoteSwiftPackageReference "firebase-ios-sdk" */;
			productName = FirebaseFirestore;
		};
		1BD5F3552BDA5EB700073538 /* FirebaseFirestoreSwift */ = {
			isa = XCSwiftPackageProductDependency;
			package = 1BD5F34C2BDA5EB700073538 /* XCRemoteSwiftPackageReference "firebase-ios-sdk" */;
			productName = FirebaseFirestoreSwift;
		};
/* End XCSwiftPackageProductDependency section */
	};
	rootObject = 1B1EA01B2BD645B900D202CE /* Project object */;
}
